
Microsoft Visual Studio Solution File, Format Version 12.00
# Visual Studio Version 16
VisualStudioVersion = 16.0.29905.134
MinimumVisualStudioVersion = 10.0.40219.1
Project("{FAE04EC0-301F-11D3-BF4B-00C04F79EFBC}") = "Taschenrechner", "Taschenrechner\Taschenrechner.csproj", "{FB3881C0-C78B-40B7-ABAB-F38581B3834B}"
EndProject
Global
	GlobalSection(SolutionConfigurationPlatforms) = preSolution
		Debug|Any CPU = Debug|Any CPU
		Release|Any CPU = Release|Any CPU
	EndGlobalSection
	GlobalSection(ProjectConfigurationPlatforms) = postSolution
		{FB3881C0-C78B-40B7-ABAB-F38581B3834B}.Debug|Any CPU.ActiveCfg = Debug|Any CPU
		{FB3881C0-C78B-40B7-ABAB-F38581B3834B}.Debug|Any CPU.Build.0 = Debug|Any CPU
		{FB3881C0-C78B-40B7-ABAB-F38581B3834B}.Release|Any CPU.ActiveCfg = Release|Any CPU
		{FB3881C0-C78B-40B7-ABAB-F38581B3834B}.Release|Any CPU.Build.0 = Release|Any CPU
	EndGlobalSection
	GlobalSection(SolutionProperties) = preSolution
		HideSolutionNode = FALSE
	EndGlobalSection
	GlobalSection(ExtensibilityGlobals) = postSolution
		SolutionGuid = {3B8EE760-03C8-445F-8CD4-31A62D796D89}
	EndGlobalSection
EndGlobal
